// !$*UTF8*$!
{
	archiveVersion = 1;
	classes = {
	};
	objectVersion = 50;
	objects = {

/* Begin PBXBuildFile section */
		1E55DC2C219EEAAC000DD93B /* AppDelegate.swift in Sources */ = {isa = PBXBuildFile; fileRef = 1E55DC2B219EEAAC000DD93B /* AppDelegate.swift */; };
		1E55DC2E219EEAAC000DD93B /* ViewController.swift in Sources */ = {isa = PBXBuildFile; fileRef = 1E55DC2D219EEAAC000DD93B /* ViewController.swift */; };
		1E55DC31219EEAAC000DD93B /* Main.storyboard in Resources */ = {isa = PBXBuildFile; fileRef = 1E55DC2F219EEAAC000DD93B /* Main.storyboard */; };
		1E55DC33219EEAAC000DD93B /* Assets.xcassets in Resources */ = {isa = PBXBuildFile; fileRef = 1E55DC32219EEAAC000DD93B /* Assets.xcassets */; };
		1E55DC36219EEAAC000DD93B /* LaunchScreen.storyboard in Resources */ = {isa = PBXBuildFile; fileRef = 1E55DC34219EEAAC000DD93B /* LaunchScreen.storyboard */; };
		1E55DC41219EEAAC000DD93B /* caculator2_00Tests.swift in Sources */ = {isa = PBXBuildFile; fileRef = 1E55DC40219EEAAC000DD93B /* caculator2_00Tests.swift */; };
		1E55DC4C219EEAAC000DD93B /* caculator2_00UITests.swift in Sources */ = {isa = PBXBuildFile; fileRef = 1E55DC4B219EEAAC000DD93B /* caculator2_00UITests.swift */; };
/* End PBXBuildFile section */

/* Begin PBXContainerItemProxy section */
		1E55DC3D219EEAAC000DD93B /* PBXContainerItemProxy */ = {
			isa = PBXContainerItemProxy;
			containerPortal = 1E55DC20219EEAAC000DD93B /* Project object */;
			proxyType = 1;
			remoteGlobalIDString = 1E55DC27219EEAAC000DD93B;
			remoteInfo = caculator2.00;
		};
		1E55DC48219EEAAC000DD93B /* PBXContainerItemProxy */ = {
			isa = PBXContainerItemProxy;
			containerPortal = 1E55DC20219EEAAC000DD93B /* Project object */;
			proxyType = 1;
			remoteGlobalIDString = 1E55DC27219EEAAC000DD93B;
			remoteInfo = caculator2.00;
		};
/* End PBXContainerItemProxy section */

/* Begin PBXFileReference section */
		1E55DC28219EEAAC000DD93B /* caculator2.00.app */ = {isa = PBXFileReference; explicitFileType = wrapper.application; includeInIndex = 0; path = caculator2.00.app; sourceTree = BUILT_PRODUCTS_DIR; };
		1E55DC2B219EEAAC000DD93B /* AppDelegate.swift */ = {isa = PBXFileReference; lastKnownFileType = sourcecode.swift; path = AppDelegate.swift; sourceTree = "<group>"; };
		1E55DC2D219EEAAC000DD93B /* ViewController.swift */ = {isa = PBXFileReference; lastKnownFileType = sourcecode.swift; path = ViewController.swift; sourceTree = "<group>"; };
		1E55DC30219EEAAC000DD93B /* Base */ = {isa = PBXFileReference; lastKnownFileType = file.storyboard; name = Base; path = Base.lproj/Main.storyboard; sourceTree = "<group>"; };
		1E55DC32219EEAAC000DD93B /* Assets.xcassets */ = {isa = PBXFileReference; lastKnownFileType = folder.assetcatalog; path = Assets.xcassets; sourceTree = "<group>"; };
		1E55DC35219EEAAC000DD93B /* Base */ = {isa = PBXFileReference; lastKnownFileType = file.storyboard; name = Base; path = Base.lproj/LaunchScreen.storyboard; sourceTree = "<group>"; };
		1E55DC37219EEAAC000DD93B /* Info.plist */ = {isa = PBXFileReference; lastKnownFileType = text.plist.xml; path = Info.plist; sourceTree = "<group>"; };
		1E55DC3C219EEAAC000DD93B /* caculator2.00Tests.xctest */ = {isa = PBXFileReference; explicitFileType = wrapper.cfbundle; includeInIndex = 0; path = caculator2.00Tests.xctest; sourceTree = BUILT_PRODUCTS_DIR; };
		1E55DC40219EEAAC000DD93B /* caculator2_00Tests.swift */ = {isa = PBXFileReference; lastKnownFileType = sourcecode.swift; path = caculator2_00Tests.swift; sourceTree = "<group>"; };
		1E55DC42219EEAAC000DD93B /* Info.plist */ = {isa = PBXFileReference; lastKnownFileType = text.plist.xml; path = Info.plist; sourceTree = "<group>"; };
		1E55DC47219EEAAC000DD93B /* caculator2.00UITests.xctest */ = {isa = PBXFileReference; explicitFileType = wrapper.cfbundle; includeInIndex = 0; path = caculator2.00UITests.xctest; sourceTree = BUILT_PRODUCTS_DIR; };
		1E55DC4B219EEAAC000DD93B /* caculator2_00UITests.swift */ = {isa = PBXFileReference; lastKnownFileType = sourcecode.swift; path = caculator2_00UITests.swift; sourceTree = "<group>"; };
		1E55DC4D219EEAAC000DD93B /* Info.plist */ = {isa = PBXFileReference; lastKnownFileType = text.plist.xml; path = Info.plist; sourceTree = "<group>"; };
/* End PBXFileReference section */

/* Begin PBXFrameworksBuildPhase section */
		1E55DC25219EEAAC000DD93B /* Frameworks */ = {
			isa = PBXFrameworksBuildPhase;
			buildActionMask = 2147483647;
			files = (
			);
			runOnlyForDeploymentPostprocessing = 0;
		};
		1E55DC39219EEAAC000DD93B /* Frameworks */ = {
			isa = PBXFrameworksBuildPhase;
			buildActionMask = 2147483647;
			files = (
			);
			runOnlyForDeploymentPostprocessing = 0;
		};
		1E55DC44219EEAAC000DD93B /* Frameworks */ = {
			isa = PBXFrameworksBuildPhase;
			buildActionMask = 2147483647;
			files = (
			);
			runOnlyForDeploymentPostprocessing = 0;
		};
/* End PBXFrameworksBuildPhase section */

/* Begin PBXGroup section */
		1E55DC1F219EEAAC000DD93B = {
			isa = PBXGroup;
			children = (
				1E55DC2A219EEAAC000DD93B /* caculator2.00 */,
				1E55DC3F219EEAAC000DD93B /* caculator2.00Tests */,
				1E55DC4A219EEAAC000DD93B /* caculator2.00UITests */,
				1E55DC29219EEAAC000DD93B /* Products */,
			);
			sourceTree = "<group>";
		};
		1E55DC29219EEAAC000DD93B /* Products */ = {
			isa = PBXGroup;
			children = (
				1E55DC28219EEAAC000DD93B /* caculator2.00.app */,
				1E55DC3C219EEAAC000DD93B /* caculator2.00Tests.xctest */,
				1E55DC47219EEAAC000DD93B /* caculator2.00UITests.xctest */,
			);
			name = Products;
			sourceTree = "<group>";
		};
		1E55DC2A219EEAAC000DD93B /* caculator2.00 */ = {
			isa = PBXGroup;
			children = (
				1E55DC2B219EEAAC000DD93B /* AppDelegate.swift */,
				1E55DC2D219EEAAC000DD93B /* ViewController.swift */,
				1E55DC2F219EEAAC000DD93B /* Main.storyboard */,
				1E55DC32219EEAAC000DD93B /* Assets.xcassets */,
				1E55DC34219EEAAC000DD93B /* LaunchScreen.storyboard */,
				1E55DC37219EEAAC000DD93B /* Info.plist */,
			);
			path = caculator2.00;
			sourceTree = "<group>";
		};
		1E55DC3F219EEAAC000DD93B /* caculator2.00Tests */ = {
			isa = PBXGroup;
			children = (
				1E55DC40219EEAAC000DD93B /* caculator2_00Tests.swift */,
				1E55DC42219EEAAC000DD93B /* Info.plist */,
			);
			path = caculator2.00Tests;
			sourceTree = "<group>";
		};
		1E55DC4A219EEAAC000DD93B /* caculator2.00UITests */ = {
			isa = PBXGroup;
			children = (
				1E55DC4B219EEAAC000DD93B /* caculator2_00UITests.swift */,
				1E55DC4D219EEAAC000DD93B /* Info.plist */,
			);
			path = caculator2.00UITests;
			sourceTree = "<group>";
		};
/* End PBXGroup section */

/* Begin PBXNativeTarget section */
		1E55DC27219EEAAC000DD93B /* caculator2.00 */ = {
			isa = PBXNativeTarget;
			buildConfigurationList = 1E55DC50219EEAAC000DD93B /* Build configuration list for PBXNativeTarget "caculator2.00" */;
			buildPhases = (
				1E55DC24219EEAAC000DD93B /* Sources */,
				1E55DC25219EEAAC000DD93B /* Frameworks */,
				1E55DC26219EEAAC000DD93B /* Resources */,
			);
			buildRules = (
			);
			dependencies = (
			);
			name = caculator2.00;
			productName = caculator2.00;
			productReference = 1E55DC28219EEAAC000DD93B /* caculator2.00.app */;
			productType = "com.apple.product-type.application";
		};
		1E55DC3B219EEAAC000DD93B /* caculator2.00Tests */ = {
			isa = PBXNativeTarget;
			buildConfigurationList = 1E55DC53219EEAAC000DD93B /* Build configuration list for PBXNativeTarget "caculator2.00Tests" */;
			buildPhases = (
				1E55DC38219EEAAC000DD93B /* Sources */,
				1E55DC39219EEAAC000DD93B /* Frameworks */,
				1E55DC3A219EEAAC000DD93B /* Resources */,
			);
			buildRules = (
			);
			dependencies = (
				1E55DC3E219EEAAC000DD93B /* PBXTargetDependency */,
			);
			name = caculator2.00Tests;
			productName = caculator2.00Tests;
			productReference = 1E55DC3C219EEAAC000DD93B /* caculator2.00Tests.xctest */;
			productType = "com.apple.product-type.bundle.unit-test";
		};
		1E55DC46219EEAAC000DD93B /* caculator2.00UITests */ = {
			isa = PBXNativeTarget;
			buildConfigurationList = 1E55DC56219EEAAC000DD93B /* Build configuration list for PBXNativeTarget "caculator2.00UITests" */;
			buildPhases = (
				1E55DC43219EEAAC000DD93B /* Sources */,
				1E55DC44219EEAAC000DD93B /* Frameworks */,
				1E55DC45219EEAAC000DD93B /* Resources */,
			);
			buildRules = (
			);
			dependencies = (
				1E55DC49219EEAAC000DD93B /* PBXTargetDependency */,
			);
			name = caculator2.00UITests;
			productName = caculator2.00UITests;
			productReference = 1E55DC47219EEAAC000DD93B /* caculator2.00UITests.xctest */;
			productType = "com.apple.product-type.bundle.ui-testing";
		};
/* End PBXNativeTarget section */

/* Begin PBXProject section */
		1E55DC20219EEAAC000DD93B /* Project object */ = {
			isa = PBXProject;
			attributes = {
				LastSwiftUpdateCheck = 1000;
				LastUpgradeCheck = 1000;
				ORGANIZATIONNAME = s20171103191;
				TargetAttributes = {
					1E55DC27219EEAAC000DD93B = {
						CreatedOnToolsVersion = 10.0;
					};
					1E55DC3B219EEAAC000DD93B = {
						CreatedOnToolsVersion = 10.0;
						TestTargetID = 1E55DC27219EEAAC000DD93B;
					};
					1E55DC46219EEAAC000DD93B = {
						CreatedOnToolsVersion = 10.0;
						TestTargetID = 1E55DC27219EEAAC000DD93B;
					};
				};
			};
			buildConfigurationList = 1E55DC23219EEAAC000DD93B /* Build configuration list for PBXProject "caculator2.00" */;
			compatibilityVersion = "Xcode 9.3";
			developmentRegion = en;
			hasScannedForEncodings = 0;
			knownRegions = (
				en,
				Base,
			);
			mainGroup = 1E55DC1F219EEAAC000DD93B;
			productRefGroup = 1E55DC29219EEAAC000DD93B /* Products */;
			projectDirPath = "";
			projectRoot = "";
			targets = (
				1E55DC27219EEAAC000DD93B /* caculator2.00 */,
				1E55DC3B219EEAAC000DD93B /* caculator2.00Tests */,
				1E55DC46219EEAAC000DD93B /* caculator2.00UITests */,
			);
		};
/* End PBXProject section */

/* Begin PBXResourcesBuildPhase section */
		1E55DC26219EEAAC000DD93B /* Resources */ = {
			isa = PBXResourcesBuildPhase;
			buildActionMask = 2147483647;
			files = (
				1E55DC36219EEAAC000DD93B /* LaunchScreen.storyboard in Resources */,
				1E55DC33219EEAAC000DD93B /* Assets.xcassets in Resources */,
				1E55DC31219EEAAC000DD93B /* Main.storyboard in Resources */,
			);
			runOnlyForDeploymentPostprocessing = 0;
		};
		1E55DC3A219EEAAC000DD93B /* Resources */ = {
			isa = PBXResourcesBuildPhase;
			buildActionMask = 2147483647;
			files = (
			);
			runOnlyForDeploymentPostprocessing = 0;
		};
		1E55DC45219EEAAC000DD93B /* Resources */ = {
			isa = PBXResourcesBuildPhase;
			buildActionMask = 2147483647;
			files = (
			);
			runOnlyForDeploymentPostprocessing = 0;
		};
/* End PBXResourcesBuildPhase section */

/* Begin PBXSourcesBuildPhase section */
		1E55DC24219EEAAC000DD93B /* Sources */ = {
			isa = PBXSourcesBuildPhase;
			buildActionMask = 2147483647;
			files = (
				1E55DC2E219EEAAC000DD93B /* ViewController.swift in Sources */,
				1E55DC2C219EEAAC000DD93B /* AppDelegate.swift in Sources */,
			);
			runOnlyForDeploymentPostprocessing = 0;
		};
		1E55DC38219EEAAC000DD93B /* Sources */ = {
			isa = PBXSourcesBuildPhase;
			buildActionMask = 2147483647;
			files = (
				1E55DC41219EEAAC000DD93B /* caculator2_00Tests.swift in Sources */,
			);
			runOnlyForDeploymentPostprocessing = 0;
		};
		1E55DC43219EEAAC000DD93B /* Sources */ = {
			isa = PBXSourcesBuildPhase;
			buildActionMask = 2147483647;
			files = (
				1E55DC4C219EEAAC000DD93B /* caculator2_00UITests.swift in Sources */,
			);
			runOnlyForDeploymentPostprocessing = 0;
		};
/* End PBXSourcesBuildPhase section */

/* Begin PBXTargetDependency section */
		1E55DC3E219EEAAC000DD93B /* PBXTargetDependency */ = {
			isa = PBXTargetDependency;
			target = 1E55DC27219EEAAC000DD93B /* caculator2.00 */;
			targetProxy = 1E55DC3D219EEAAC000DD93B /* PBXContainerItemProxy */;
		};
		1E55DC49219EEAAC000DD93B /* PBXTargetDependency */ = {
			isa = PBXTargetDependency;
			target = 1E55DC27219EEAAC000DD93B /* caculator2.00 */;
			targetProxy = 1E55DC48219EEAAC000DD93B /* PBXContainerItemProxy */;
		};
/* End PBXTargetDependency section */

/* Begin PBXVariantGroup section */
		1E55DC2F219EEAAC000DD93B /* Main.storyboard */ = {
			isa = PBXVariantGroup;
			children = (
				1E55DC30219EEAAC000DD93B /* Base */,
			);
			name = Main.storyboard;
			sourceTree = "<group>";
		};
		1E55DC34219EEAAC000DD93B /* LaunchScreen.storyboard */ = {
			isa = PBXVariantGroup;
			children = (
				1E55DC35219EEAAC000DD93B /* Base */,
			);
			name = LaunchScreen.storyboard;
			sourceTree = "<group>";
		};
/* End PBXVariantGroup section */

/* Begin XCBuildConfiguration section */
		1E55DC4E219EEAAC000DD93B /* Debug */ = {
			isa = XCBuildConfiguration;
			buildSettings = {
				ALWAYS_SEARCH_USER_PATHS = NO;
				CLANG_ANALYZER_NONNULL = YES;
				CLANG_ANALYZER_NUMBER_OBJECT_CONVERSION = YES_AGGRESSIVE;
				CLANG_CXX_LANGUAGE_STANDARD = "gnu++14";
				CLANG_CXX_LIBRARY = "libc++";
				CLANG_ENABLE_MODULES = YES;
				CLANG_ENABLE_OBJC_ARC = YES;
				CLANG_ENABLE_OBJC_WEAK = YES;
				CLANG_WARN_BLOCK_CAPTURE_AUTORELEASING = YES;
				CLANG_WARN_BOOL_CONVERSION = YES;
				CLANG_WARN_COMMA = YES;
				CLANG_WARN_CONSTANT_CONVERSION = YES;
				CLANG_WARN_DEPRECATED_OBJC_IMPLEMENTATIONS = YES;
				CLANG_WARN_DIRECT_OBJC_ISA_USAGE = YES_ERROR;
				CLANG_WARN_DOCUMENTATION_COMMENTS = YES;
				CLANG_WARN_EMPTY_BODY = YES;
				CLANG_WARN_ENUM_CONVERSION = YES;
				CLANG_WARN_INFINITE_RECURSION = YES;
				CLANG_WARN_INT_CONVERSION = YES;
				CLANG_WARN_NON_LITERAL_NULL_CONVERSION = YES;
				CLANG_WARN_OBJC_IMPLICIT_RETAIN_SELF = YES;
				CLANG_WARN_OBJC_LITERAL_CONVERSION = YES;
				CLANG_WARN_OBJC_ROOT_CLASS = YES_ERROR;
				CLANG_WARN_RANGE_LOOP_ANALYSIS = YES;
				CLANG_WARN_STRICT_PROTOTYPES = YES;
				CLANG_WARN_SUSPICIOUS_MOVE = YES;
				CLANG_WARN_UNGUARDED_AVAILABILITY = YES_AGGRESSIVE;
				CLANG_WARN_UNREACHABLE_CODE = YES;
				CLANG_WARN__DUPLICATE_METHOD_MATCH = YES;
				CODE_SIGN_IDENTITY = "iPhone Developer";
				COPY_PHASE_STRIP = NO;
				DEBUG_INFORMATION_FORMAT = dwarf;
				ENABLE_STRICT_OBJC_MSGSEND = YES;
				ENABLE_TESTABILITY = YES;
				GCC_C_LANGUAGE_STANDARD = gnu11;
				GCC_DYNAMIC_NO_PIC = NO;
				GCC_NO_COMMON_BLOCKS = YES;
				GCC_OPTIMIZATION_LEVEL = 0;
				GCC_PREPROCESSOR_DEFINITIONS = (
					"DEBUG=1",
					"$(inherited)",
				);
				GCC_WARN_64_TO_32_BIT_CONVERSION = YES;
				GCC_WARN_ABOUT_RETURN_TYPE = YES_ERROR;
				GCC_WARN_UNDECLARED_SELECTOR = YES;
				GCC_WARN_UNINITIALIZED_AUTOS = YES_AGGRESSIVE;
				GCC_WARN_UNUSED_FUNCTION = YES;
				GCC_WARN_UNUSED_VARIABLE = YES;
				IPHONEOS_DEPLOYMENT_TARGET = 12.0;
				MTL_ENABLE_DEBUG_INFO = INCLUDE_SOURCE;
				MTL_FAST_MATH = YES;
				ONLY_ACTIVE_ARCH = YES;
				SDKROOT = iphoneos;
				SWIFT_ACTIVE_COMPILATION_CONDITIONS = DEBUG;
				SWIFT_OPTIMIZATION_LEVEL = "-Onone";
			};
			name = Debug;
		};
		1E55DC4F219EEAAC000DD93B /* Release */ = {
			isa = XCBuildConfiguration;
			buildSettings = {
				ALWAYS_SEARCH_USER_PATHS = NO;
				CLANG_ANALYZER_NONNULL = YES;
				CLANG_ANALYZER_NUMBER_OBJECT_CONVERSION = YES_AGGRESSIVE;
				CLANG_CXX_LANGUAGE_STANDARD = "gnu++14";
				CLANG_CXX_LIBRARY = "libc++";
				CLANG_ENABLE_MODULES = YES;
				CLANG_ENABLE_OBJC_ARC = YES;
				CLANG_ENABLE_OBJC_WEAK = YES;
				CLANG_WARN_BLOCK_CAPTURE_AUTORELEASING = YES;
				CLANG_WARN_BOOL_CONVERSION = YES;
				CLANG_WARN_COMMA = YES;
				CLANG_WARN_CONSTANT_CONVERSION = YES;
				CLANG_WARN_DEPRECATED_OBJC_IMPLEMENTATIONS = YES;
				CLANG_WARN_DIRECT_OBJC_ISA_USAGE = YES_ERROR;
				CLANG_WARN_DOCUMENTATION_COMMENTS = YES;
				CLANG_WARN_EMPTY_BODY = YES;
				CLANG_WARN_ENUM_CONVERSION = YES;
				CLANG_WARN_INFINITE_RECURSION = YES;
				CLANG_WARN_INT_CONVERSION = YES;
				CLANG_WARN_NON_LITERAL_NULL_CONVERSION = YES;
				CLANG_WARN_OBJC_IMPLICIT_RETAIN_SELF = YES;
				CLANG_WARN_OBJC_LITERAL_CONVERSION = YES;
				CLANG_WARN_OBJC_ROOT_CLASS = YES_ERROR;
				CLANG_WARN_RANGE_LOOP_ANALYSIS = YES;
				CLANG_WARN_STRICT_PROTOTYPES = YES;
				CLANG_WARN_SUSPICIOUS_MOVE = YES;
				CLANG_WARN_UNGUARDED_AVAILABILITY = YES_AGGRESSIVE;
				CLANG_WARN_UNREACHABLE_CODE = YES;
				CLANG_WARN__DUPLICATE_METHOD_MATCH = YES;
				CODE_SIGN_IDENTITY = "iPhone Developer";
				COPY_PHASE_STRIP = NO;
				DEBUG_INFORMATION_FORMAT = "dwarf-with-dsym";
				ENABLE_NS_ASSERTIONS = NO;
				ENABLE_STRICT_OBJC_MSGSEND = YES;
				GCC_C_LANGUAGE_STANDARD = gnu11;
				GCC_NO_COMMON_BLOCKS = YES;
				GCC_WARN_64_TO_32_BIT_CONVERSION = YES;
				GCC_WARN_ABOUT_RETURN_TYPE = YES_ERROR;
				GCC_WARN_UNDECLARED_SELECTOR = YES;
				GCC_WARN_UNINITIALIZED_AUTOS = YES_AGGRESSIVE;
				GCC_WARN_UNUSED_FUNCTION = YES;
				GCC_WARN_UNUSED_VARIABLE = YES;
				IPHONEOS_DEPLOYMENT_TARGET = 12.0;
				MTL_ENABLE_DEBUG_INFO = NO;
				MTL_FAST_MATH = YES;
				SDKROOT = iphoneos;
				SWIFT_COMPILATION_MODE = wholemodule;
				SWIFT_OPTIMIZATION_LEVEL = "-O";
				VALIDATE_PRODUCT = YES;
			};
			name = Release;
		};
		1E55DC51219EEAAC000DD93B /* Debug */ = {
			isa = XCBuildConfiguration;
			buildSettings = {
				ASSETCATALOG_COMPILER_APPICON_NAME = AppIcon;
				CODE_SIGN_STYLE = Automatic;
				DEVELOPMENT_TEAM = 36753D4UAQ;
				INFOPLIST_FILE = caculator2.00/Info.plist;
				LD_RUNPATH_SEARCH_PATHS = (
					"$(inherited)",
					"@executable_path/Frameworks",
				);
				PRODUCT_BUNDLE_IDENTIFIER = "imnu.caculator2-00";
				PRODUCT_NAME = "$(TARGET_NAME)";
				SWIFT_VERSION = 4.2;
				TARGETED_DEVICE_FAMILY = "1,2";
			};
			name = Debug;
		};
		1E55DC52219EEAAC000DD93B /* Release */ = {
			isa = XCBuildConfiguration;
			buildSettings = {
				ASSETCATALOG_COMPILER_APPICON_NAME = AppIcon;
				CODE_SIGN_STYLE = Automatic;
				DEVELOPMENT_TEAM = 36753D4UAQ;
				INFOPLIST_FILE = caculator2.00/Info.plist;
				LD_RUNPATH_SEARCH_PATHS = (
					"$(inherited)",
					"@executable_path/Frameworks",
				);
				PRODUCT_BUNDLE_IDENTIFIER = "imnu.caculator2-00";
				PRODUCT_NAME = "$(TARGET_NAME)";
				SWIFT_VERSION = 4.2;
				TARGETED_DEVICE_FAMILY = "1,2";
			};
			name = Release;
		};
		1E55DC54219EEAAC000DD93B /* Debug */ = {
			isa = XCBuildConfiguration;
			buildSettings = {
				ALWAYS_EMBED_SWIFT_STANDARD_LIBRARIES = YES;
				BUNDLE_LOADER = "$(TEST_HOST)";
				CODE_SIGN_STYLE = Automatic;
				DEVELOPMENT_TEAM = 36753D4UAQ;
				INFOPLIST_FILE = caculator2.00Tests/Info.plist;
				LD_RUNPATH_SEARCH_PATHS = (
					"$(inherited)",
					"@executable_path/Frameworks",
					"@loader_path/Frameworks",
				);
				PRODUCT_BUNDLE_IDENTIFIER = "imnu.caculator2-00Tests";
				PRODUCT_NAME = "$(TARGET_NAME)";
				SWIFT_VERSION = 4.2;
				TARGETED_DEVICE_FAMILY = "1,2";
				TEST_HOST = "$(BUILT_PRODUCTS_DIR)/caculator2.00.app/caculator2.00";
			};
			name = Debug;
		};
		1E55DC55219EEAAC000DD93B /* Release */ = {
			isa = XCBuildConfiguration;
			buildSettings = {
				ALWAYS_EMBED_SWIFT_STANDARD_LIBRARIES = YES;
				BUNDLE_LOADER = "$(TEST_HOST)";
				CODE_SIGN_STYLE = Automatic;
				DEVELOPMENT_TEAM = 36753D4UAQ;
				INFOPLIST_FILE = caculator2.00Tests/Info.plist;
				LD_RUNPATH_SEARCH_PATHS = (
					"$(inherited)",
					"@executable_path/Frameworks",
					"@loader_path/Frameworks",
				);
				PRODUCT_BUNDLE_IDENTIFIER = "imnu.caculator2-00Tests";
				PRODUCT_NAME = "$(TARGET_NAME)";
				SWIFT_VERSION = 4.2;
				TARGETED_DEVICE_FAMILY = "1,2";
				TEST_HOST = "$(BUILT_PRODUCTS_DIR)/caculator2.00.app/caculator2.00";
			};
			name = Release;
		};
		1E55DC57219EEAAC000DD93B /* Debug */ = {
			isa = XCBuildConfiguration;
			buildSettings = {
				ALWAYS_EMBED_SWIFT_STANDARD_LIBRARIES = YES;
				CODE_SIGN_STYLE = Automatic;
				DEVELOPMENT_TEAM = 36753D4UAQ;
				INFOPLIST_FILE = caculator2.00UITests/Info.plist;
				LD_RUNPATH_SEARCH_PATHS = (
					"$(inherited)",
					"@executable_path/Frameworks",
					"@loader_path/Frameworks",
				);
				PRODUCT_BUNDLE_IDENTIFIER = "imnu.caculator2-00UITests";
				PRODUCT_NAME = "$(TARGET_NAME)";
				SWIFT_VERSION = 4.2;
				TARGETED_DEVICE_FAMILY = "1,2";
				TEST_TARGET_NAME = caculator2.00;
			};
			name = Debug;
		};
		1E55DC58219EEAAC000DD93B /* Release */ = {
			isa = XCBuildConfiguration;
			buildSettings = {
				ALWAYS_EMBED_SWIFT_STANDARD_LIBRARIES = YES;
				CODE_SIGN_STYLE = Automatic;
				DEVELOPMENT_TEAM = 36753D4UAQ;
				INFOPLIST_FILE = caculator2.00UITests/Info.plist;
				LD_RUNPATH_SEARCH_PATHS = (
					"$(inherited)",
					"@executable_path/Frameworks",
					"@loader_path/Frameworks",
				);
				PRODUCT_BUNDLE_IDENTIFIER = "imnu.caculator2-00UITests";
				PRODUCT_NAME = "$(TARGET_NAME)";
				SWIFT_VERSION = 4.2;
				TARGETED_DEVICE_FAMILY = "1,2";
				TEST_TARGET_NAME = caculator2.00;
			};
			name = Release;
		};
/* End XCBuildConfiguration section */

/* Begin XCConfigurationList section */
		1E55DC23219EEAAC000DD93B /* Build configuration list for PBXProject "caculator2.00" */ = {
			isa = XCConfigurationList;
			buildConfigurations = (
				1E55DC4E219EEAAC000DD93B /* Debug */,
				1E55DC4F219EEAAC000DD93B /* Release */,
			);
			defaultConfigurationIsVisible = 0;
			defaultConfigurationName = Release;
		};
		1E55DC50219EEAAC000DD93B /* Build configuration list for PBXNativeTarget "caculator2.00" */ = {
			isa = XCConfigurationList;
			buildConfigurations = (
				1E55DC51219EEAAC000DD93B /* Debug */,
				1E55DC52219EEAAC000DD93B /* Release */,
			);
			defaultConfigurationIsVisible = 0;
			defaultConfigurationName = Release;
		};
		1E55DC53219EEAAC000DD93B /* Build configuration list for PBXNativeTarget "caculator2.00Tests" */ = {
			isa = XCConfigurationList;
			buildConfigurations = (
				1E55DC54219EEAAC000DD93B /* Debug */,
				1E55DC55219EEAAC000DD93B /* Release */,
			);
			defaultConfigurationIsVisible = 0;
			defaultConfigurationName = Release;
		};
		1E55DC56219EEAAC000DD93B /* Build configuration list for PBXNativeTarget "caculator2.00UITests" */ = {
			isa = XCConfigurationList;
			buildConfigurations = (
				1E55DC57219EEAAC000DD93B /* Debug */,
				1E55DC58219EEAAC000DD93B /* Release */,
			);
			defaultConfigurationIsVisible = 0;
			defaultConfigurationName = Release;
		};
/* End XCConfigurationList section */
	};
	rootObject = 1E55DC20219EEAAC000DD93B /* Project object */;
}
